
Microsoft Visual Studio Solution File, Format Version 12.00
# Visual Studio Express 2012 for Windows Phone
Project("{FAE04EC0-301F-11D3-BF4B-00C04F79EFBC}") = "ClipEffect", "ClipEffect\ClipEffect.csproj", "{FF71E30C-AF89-4CAB-ACE7-4C9CF0984B49}"
EndProject
Global
	GlobalSection(SolutionConfigurationPlatforms) = preSolution
		Debug|ARM = Debug|ARM
		Debug|x86 = Debug|x86
		Release|ARM = Release|ARM
		Release|x86 = Release|x86
	EndGlobalSection
	GlobalSection(ProjectConfigurationPlatforms) = postSolution
		{FF71E30C-AF89-4CAB-ACE7-4C9CF0984B49}.Debug|ARM.ActiveCfg = Debug|ARM
		{FF71E30C-AF89-4CAB-ACE7-4C9CF0984B49}.Debug|ARM.Build.0 = Debug|ARM
		{FF71E30C-AF89-4CAB-ACE7-4C9CF0984B49}.Debug|ARM.Deploy.0 = Debug|ARM
		{FF71E30C-AF89-4CAB-ACE7-4C9CF0984B49}.Debug|x86.ActiveCfg = Debug|x86
		{FF71E30C-AF89-4CAB-ACE7-4C9CF0984B49}.Debug|x86.Build.0 = Debug|x86
		{FF71E30C-AF89-4CAB-ACE7-4C9CF0984B49}.Debug|x86.Deploy.0 = Debug|x86
		{FF71E30C-AF89-4CAB-ACE7-4C9CF0984B49}.Release|ARM.ActiveCfg = Release|ARM
		{FF71E30C-AF89-4CAB-ACE7-4C9CF0984B49}.Release|ARM.Build.0 = Release|ARM
		{FF71E30C-AF89-4CAB-ACE7-4C9CF0984B49}.Release|ARM.Deploy.0 = Release|ARM
		{FF71E30C-AF89-4CAB-ACE7-4C9CF0984B49}.Release|x86.ActiveCfg = Release|x86
		{FF71E30C-AF89-4CAB-ACE7-4C9CF0984B49}.Release|x86.Build.0 = Release|x86
		{FF71E30C-AF89-4CAB-ACE7-4C9CF0984B49}.Release|x86.Deploy.0 = Release|x86
	EndGlobalSection
	GlobalSection(SolutionProperties) = preSolution
		HideSolutionNode = FALSE
	EndGlobalSection
EndGlobal
